
Microsoft Visual Studio Solution File, Format Version 12.00
# Visual Studio Version 17
VisualStudioVersion = 17.13.35825.156 d17.13
MinimumVisualStudioVersion = 10.0.40219.1
Project("{FAE04EC0-301F-11D3-BF4B-00C04F79EFBC}") = "Method Overloading and parameter", "Method Overloading and parameter\Method Overloading and parameter.csproj", "{9C3C06AB-3C30-4CBC-874C-3F717C5BCC34}"
EndProject
Global
	GlobalSection(SolutionConfigurationPlatforms) = preSolution
		Debug|Any CPU = Debug|Any CPU
		Release|Any CPU = Release|Any CPU
	EndGlobalSection
	GlobalSection(ProjectConfigurationPlatforms) = postSolution
		{9C3C06AB-3C30-4CBC-874C-3F717C5BCC34}.Debug|Any CPU.ActiveCfg = Debug|Any CPU
		{9C3C06AB-3C30-4CBC-874C-3F717C5BCC34}.Debug|Any CPU.Build.0 = Debug|Any CPU
		{9C3C06AB-3C30-4CBC-874C-3F717C5BCC34}.Release|Any CPU.ActiveCfg = Release|Any CPU
		{9C3C06AB-3C30-4CBC-874C-3F717C5BCC34}.Release|Any CPU.Build.0 = Release|Any CPU
	EndGlobalSection
	GlobalSection(SolutionProperties) = preSolution
		HideSolutionNode = FALSE
	EndGlobalSection
	GlobalSection(ExtensibilityGlobals) = postSolution
		SolutionGuid = {963CD38B-3980-4CF4-838C-F86DF0AF82D4}
	EndGlobalSection
EndGlobal
