
Microsoft Visual Studio Solution File, Format Version 12.00
# Visual Studio Version 17
VisualStudioVersion = 17.13.35825.156 d17.13
MinimumVisualStudioVersion = 10.0.40219.1
Project("{FAE04EC0-301F-11D3-BF4B-00C04F79EFBC}") = "Nullable types in c#", "Nullable types in c#\Nullable types in c#.csproj", "{55081957-595C-4BC6-8EBA-CCC698F3E46D}"
EndProject
Global
	GlobalSection(SolutionConfigurationPlatforms) = preSolution
		Debug|Any CPU = Debug|Any CPU
		Release|Any CPU = Release|Any CPU
	EndGlobalSection
	GlobalSection(ProjectConfigurationPlatforms) = postSolution
		{55081957-595C-4BC6-8EBA-CCC698F3E46D}.Debug|Any CPU.ActiveCfg = Debug|Any CPU
		{55081957-595C-4BC6-8EBA-CCC698F3E46D}.Debug|Any CPU.Build.0 = Debug|Any CPU
		{55081957-595C-4BC6-8EBA-CCC698F3E46D}.Release|Any CPU.ActiveCfg = Release|Any CPU
		{55081957-595C-4BC6-8EBA-CCC698F3E46D}.Release|Any CPU.Build.0 = Release|Any CPU
	EndGlobalSection
	GlobalSection(SolutionProperties) = preSolution
		HideSolutionNode = FALSE
	EndGlobalSection
	GlobalSection(ExtensibilityGlobals) = postSolution
		SolutionGuid = {1E660BE3-D71E-4568-BF2E-0DA927A0FCF4}
	EndGlobalSection
EndGlobal
