
Microsoft Visual Studio Solution File, Format Version 12.00
# Visual Studio Version 17
VisualStudioVersion = 17.13.35825.156 d17.13
MinimumVisualStudioVersion = 10.0.40219.1
Project("{FAE04EC0-301F-11D3-BF4B-00C04F79EFBC}") = "Working with Array in c#", "Working with Array in c#\Working with Array in c#.csproj", "{328BA7FF-28EF-4903-897A-5423BFD712CD}"
EndProject
Global
	GlobalSection(SolutionConfigurationPlatforms) = preSolution
		Debug|Any CPU = Debug|Any CPU
		Release|Any CPU = Release|Any CPU
	EndGlobalSection
	GlobalSection(ProjectConfigurationPlatforms) = postSolution
		{328BA7FF-28EF-4903-897A-5423BFD712CD}.Debug|Any CPU.ActiveCfg = Debug|Any CPU
		{328BA7FF-28EF-4903-897A-5423BFD712CD}.Debug|Any CPU.Build.0 = Debug|Any CPU
		{328BA7FF-28EF-4903-897A-5423BFD712CD}.Release|Any CPU.ActiveCfg = Release|Any CPU
		{328BA7FF-28EF-4903-897A-5423BFD712CD}.Release|Any CPU.Build.0 = Release|Any CPU
	EndGlobalSection
	GlobalSection(SolutionProperties) = preSolution
		HideSolutionNode = FALSE
	EndGlobalSection
	GlobalSection(ExtensibilityGlobals) = postSolution
		SolutionGuid = {9B385CF3-77C8-48E1-B865-D19C3FF5F678}
	EndGlobalSection
EndGlobal
