
Microsoft Visual Studio Solution File, Format Version 12.00
# Visual Studio Version 17
VisualStudioVersion = 17.13.35825.156 d17.13
MinimumVisualStudioVersion = 10.0.40219.1
Project("{FAE04EC0-301F-11D3-BF4B-00C04F79EFBC}") = "Loop In c#", "Loop In c#\Loop In c#.csproj", "{2DE136DE-6131-4021-B48F-4598F2D5E004}"
EndProject
Global
	GlobalSection(SolutionConfigurationPlatforms) = preSolution
		Debug|Any CPU = Debug|Any CPU
		Release|Any CPU = Release|Any CPU
	EndGlobalSection
	GlobalSection(ProjectConfigurationPlatforms) = postSolution
		{2DE136DE-6131-4021-B48F-4598F2D5E004}.Debug|Any CPU.ActiveCfg = Debug|Any CPU
		{2DE136DE-6131-4021-B48F-4598F2D5E004}.Debug|Any CPU.Build.0 = Debug|Any CPU
		{2DE136DE-6131-4021-B48F-4598F2D5E004}.Release|Any CPU.ActiveCfg = Release|Any CPU
		{2DE136DE-6131-4021-B48F-4598F2D5E004}.Release|Any CPU.Build.0 = Release|Any CPU
	EndGlobalSection
	GlobalSection(SolutionProperties) = preSolution
		HideSolutionNode = FALSE
	EndGlobalSection
	GlobalSection(ExtensibilityGlobals) = postSolution
		SolutionGuid = {1AD62C8B-8713-4D84-BF32-F626D41F7A77}
	EndGlobalSection
EndGlobal
