
Microsoft Visual Studio Solution File, Format Version 12.00
# Visual Studio Version 17
VisualStudioVersion = 17.13.35825.156 d17.13
MinimumVisualStudioVersion = 10.0.40219.1
Project("{FAE04EC0-301F-11D3-BF4B-00C04F79EFBC}") = "Conditional Statement", "Conditional Statement\Conditional Statement.csproj", "{1BB4EE44-A7D1-4EBB-B840-1BC6598F77F1}"
EndProject
Global
	GlobalSection(SolutionConfigurationPlatforms) = preSolution
		Debug|Any CPU = Debug|Any CPU
		Release|Any CPU = Release|Any CPU
	EndGlobalSection
	GlobalSection(ProjectConfigurationPlatforms) = postSolution
		{1BB4EE44-A7D1-4EBB-B840-1BC6598F77F1}.Debug|Any CPU.ActiveCfg = Debug|Any CPU
		{1BB4EE44-A7D1-4EBB-B840-1BC6598F77F1}.Debug|Any CPU.Build.0 = Debug|Any CPU
		{1BB4EE44-A7D1-4EBB-B840-1BC6598F77F1}.Release|Any CPU.ActiveCfg = Release|Any CPU
		{1BB4EE44-A7D1-4EBB-B840-1BC6598F77F1}.Release|Any CPU.Build.0 = Release|Any CPU
	EndGlobalSection
	GlobalSection(SolutionProperties) = preSolution
		HideSolutionNode = FALSE
	EndGlobalSection
	GlobalSection(ExtensibilityGlobals) = postSolution
		SolutionGuid = {4AB1647A-2A4B-43D2-B403-7CBD4B03BA44}
	EndGlobalSection
EndGlobal
